
Microsoft Visual Studio Solution File, Format Version 12.00
# Visual Studio Version 17
VisualStudioVersion = 17.4.33205.214
MinimumVisualStudioVersion = 10.0.40219.1
Project("{FAE04EC0-301F-11D3-BF4B-00C04F79EFBC}") = "WpfApp3", "WpfApp3\WpfApp3.csproj", "{C81ABE89-D8A9-4E54-85B4-5479986E775D}"
EndProject
Global
	GlobalSection(SolutionConfigurationPlatforms) = preSolution
		Debug|Any CPU = Debug|Any CPU
		Release|Any CPU = Release|Any CPU
	EndGlobalSection
	GlobalSection(ProjectConfigurationPlatforms) = postSolution
		{C81ABE89-D8A9-4E54-85B4-5479986E775D}.Debug|Any CPU.ActiveCfg = Debug|Any CPU
		{C81ABE89-D8A9-4E54-85B4-5479986E775D}.Debug|Any CPU.Build.0 = Debug|Any CPU
		{C81ABE89-D8A9-4E54-85B4-5479986E775D}.Release|Any CPU.ActiveCfg = Release|Any CPU
		{C81ABE89-D8A9-4E54-85B4-5479986E775D}.Release|Any CPU.Build.0 = Release|Any CPU
	EndGlobalSection
	GlobalSection(SolutionProperties) = preSolution
		HideSolutionNode = FALSE
	EndGlobalSection
	GlobalSection(ExtensibilityGlobals) = postSolution
		SolutionGuid = {F2FF6CB0-2DC0-4BF1-8B6F-26CD5692C30C}
	EndGlobalSection
EndGlobal
